// !$*UTF8*$!
{
	archiveVersion = 1;
	classes = {
	};
	objectVersion = 46;
	objects = {

/* Begin PBXBuildFile section */
		AAF022431B67610800FFB92E /* main.m in Sources */ = {isa = PBXBuildFile; fileRef = AAF022421B67610800FFB92E /* main.m */; };
		AAF022461B67610800FFB92E /* AppDelegate.m in Sources */ = {isa = PBXBuildFile; fileRef = AAF022451B67610800FFB92E /* AppDelegate.m */; };
		AAF022491B67610800FFB92E /* ViewController.m in Sources */ = {isa = PBXBuildFile; fileRef = AAF022481B67610800FFB92E /* ViewController.m */; };
		AAF0224C1B67610800FFB92E /* Main.storyboard in Resources */ = {isa = PBXBuildFile; fileRef = AAF0224A1B67610800FFB92E /* Main.storyboard */; };
		AAF0224E1B67610800FFB92E /* Images.xcassets in Resources */ = {isa = PBXBuildFile; fileRef = AAF0224D1B67610800FFB92E /* Images.xcassets */; };
		AAF022511B67610800FFB92E /* LaunchScreen.xib in Resources */ = {isa = PBXBuildFile; fileRef = AAF0224F1B67610800FFB92E /* LaunchScreen.xib */; };
		AAF0225D1B67610800FFB92E /* SwizzlingTutorialTests.m in Sources */ = {isa = PBXBuildFile; fileRef = AAF0225C1B67610800FFB92E /* SwizzlingTutorialTests.m */; };
		AAF022681B67613900FFB92E /* UIViewController+MRCUMAnalytics.m in Sources */ = {isa = PBXBuildFile; fileRef = AAF022671B67613900FFB92E /* UIViewController+MRCUMAnalytics.m */; };
		AAF0226B1B6764E700FFB92E /* RootTableViewController.m in Sources */ = {isa = PBXBuildFile; fileRef = AAF0226A1B6764E700FFB92E /* RootTableViewController.m */; };
/* End PBXBuildFile section */

/* Begin PBXContainerItemProxy section */
		AAF022571B67610800FFB92E /* PBXContainerItemProxy */ = {
			isa = PBXContainerItemProxy;
			containerPortal = AAF022351B67610800FFB92E /* Project object */;
			proxyType = 1;
			remoteGlobalIDString = AAF0223C1B67610800FFB92E;
			remoteInfo = SwizzlingTutorial;
		};
/* End PBXContainerItemProxy section */

/* Begin PBXFileReference section */
		AAF0223D1B67610800FFB92E /* SwizzlingTutorial.app */ = {isa = PBXFileReference; explicitFileType = wrapper.application; includeInIndex = 0; path = SwizzlingTutorial.app; sourceTree = BUILT_PRODUCTS_DIR; };
		AAF022411B67610800FFB92E /* Info.plist */ = {isa = PBXFileReference; lastKnownFileType = text.plist.xml; path = Info.plist; sourceTree = "<group>"; };
		AAF022421B67610800FFB92E /* main.m */ = {isa = PBXFileReference; lastKnownFileType = sourcecode.c.objc; path = main.m; sourceTree = "<group>"; };
		AAF022441B67610800FFB92E /* AppDelegate.h */ = {isa = PBXFileReference; lastKnownFileType = sourcecode.c.h; path = AppDelegate.h; sourceTree = "<group>"; };
		AAF022451B67610800FFB92E /* AppDelegate.m */ = {isa = PBXFileReference; lastKnownFileType = sourcecode.c.objc; path = AppDelegate.m; sourceTree = "<group>"; };
		AAF022471B67610800FFB92E /* ViewController.h */ = {isa = PBXFileReference; lastKnownFileType = sourcecode.c.h; path = ViewController.h; sourceTree = "<group>"; };
		AAF022481B67610800FFB92E /* ViewController.m */ = {isa = PBXFileReference; lastKnownFileType = sourcecode.c.objc; path = ViewController.m; sourceTree = "<group>"; };
		AAF0224B1B67610800FFB92E /* Base */ = {isa = PBXFileReference; lastKnownFileType = file.storyboard; name = Base; path = Base.lproj/Main.storyboard; sourceTree = "<group>"; };
		AAF0224D1B67610800FFB92E /* Images.xcassets */ = {isa = PBXFileReference; lastKnownFileType = folder.assetcatalog; path = Images.xcassets; sourceTree = "<group>"; };
		AAF022501B67610800FFB92E /* Base */ = {isa = PBXFileReference; lastKnownFileType = file.xib; name = Base; path = Base.lproj/LaunchScreen.xib; sourceTree = "<group>"; };
		AAF022561B67610800FFB92E /* SwizzlingTutorialTests.xctest */ = {isa = PBXFileReference; explicitFileType = wrapper.cfbundle; includeInIndex = 0; path = SwizzlingTutorialTests.xctest; sourceTree = BUILT_PRODUCTS_DIR; };
		AAF0225B1B67610800FFB92E /* Info.plist */ = {isa = PBXFileReference; lastKnownFileType = text.plist.xml; path = Info.plist; sourceTree = "<group>"; };
		AAF0225C1B67610800FFB92E /* SwizzlingTutorialTests.m */ = {isa = PBXFileReference; lastKnownFileType = sourcecode.c.objc; path = SwizzlingTutorialTests.m; sourceTree = "<group>"; };
		AAF022661B67613900FFB92E /* UIViewController+MRCUMAnalytics.h */ = {isa = PBXFileReference; fileEncoding = 4; lastKnownFileType = sourcecode.c.h; path = "UIViewController+MRCUMAnalytics.h"; sourceTree = "<group>"; };
		AAF022671B67613900FFB92E /* UIViewController+MRCUMAnalytics.m */ = {isa = PBXFileReference; fileEncoding = 4; lastKnownFileType = sourcecode.c.objc; path = "UIViewController+MRCUMAnalytics.m"; sourceTree = "<group>"; };
		AAF022691B6764E700FFB92E /* RootTableViewController.h */ = {isa = PBXFileReference; fileEncoding = 4; lastKnownFileType = sourcecode.c.h; path = RootTableViewController.h; sourceTree = "<group>"; };
		AAF0226A1B6764E700FFB92E /* RootTableViewController.m */ = {isa = PBXFileReference; fileEncoding = 4; lastKnownFileType = sourcecode.c.objc; path = RootTableViewController.m; sourceTree = "<group>"; };
/* End PBXFileReference section */

/* Begin PBXFrameworksBuildPhase section */
		AAF0223A1B67610800FFB92E /* Frameworks */ = {
			isa = PBXFrameworksBuildPhase;
			buildActionMask = 2147483647;
			files = (
			);
			runOnlyForDeploymentPostprocessing = 0;
		};
		AAF022531B67610800FFB92E /* Frameworks */ = {
			isa = PBXFrameworksBuildPhase;
			buildActionMask = 2147483647;
			files = (
			);
			runOnlyForDeploymentPostprocessing = 0;
		};
/* End PBXFrameworksBuildPhase section */

/* Begin PBXGroup section */
		AAF022341B67610800FFB92E = {
			isa = PBXGroup;
			children = (
				AAF0223F1B67610800FFB92E /* SwizzlingTutorial */,
				AAF022591B67610800FFB92E /* SwizzlingTutorialTests */,
				AAF0223E1B67610800FFB92E /* Products */,
			);
			sourceTree = "<group>";
		};
		AAF0223E1B67610800FFB92E /* Products */ = {
			isa = PBXGroup;
			children = (
				AAF0223D1B67610800FFB92E /* SwizzlingTutorial.app */,
				AAF022561B67610800FFB92E /* SwizzlingTutorialTests.xctest */,
			);
			name = Products;
			sourceTree = "<group>";
		};
		AAF0223F1B67610800FFB92E /* SwizzlingTutorial */ = {
			isa = PBXGroup;
			children = (
				AAF022441B67610800FFB92E /* AppDelegate.h */,
				AAF022451B67610800FFB92E /* AppDelegate.m */,
				AAF022471B67610800FFB92E /* ViewController.h */,
				AAF022481B67610800FFB92E /* ViewController.m */,
				AAF0224A1B67610800FFB92E /* Main.storyboard */,
				AAF0224D1B67610800FFB92E /* Images.xcassets */,
				AAF0224F1B67610800FFB92E /* LaunchScreen.xib */,
				AAF022401B67610800FFB92E /* Supporting Files */,
				AAF022661B67613900FFB92E /* UIViewController+MRCUMAnalytics.h */,
				AAF022671B67613900FFB92E /* UIViewController+MRCUMAnalytics.m */,
				AAF022691B6764E700FFB92E /* RootTableViewController.h */,
				AAF0226A1B6764E700FFB92E /* RootTableViewController.m */,
			);
			path = SwizzlingTutorial;
			sourceTree = "<group>";
		};
		AAF022401B67610800FFB92E /* Supporting Files */ = {
			isa = PBXGroup;
			children = (
				AAF022411B67610800FFB92E /* Info.plist */,
				AAF022421B67610800FFB92E /* main.m */,
			);
			name = "Supporting Files";
			sourceTree = "<group>";
		};
		AAF022591B67610800FFB92E /* SwizzlingTutorialTests */ = {
			isa = PBXGroup;
			children = (
				AAF0225C1B67610800FFB92E /* SwizzlingTutorialTests.m */,
				AAF0225A1B67610800FFB92E /* Supporting Files */,
			);
			path = SwizzlingTutorialTests;
			sourceTree = "<group>";
		};
		AAF0225A1B67610800FFB92E /* Supporting Files */ = {
			isa = PBXGroup;
			children = (
				AAF0225B1B67610800FFB92E /* Info.plist */,
			);
			name = "Supporting Files";
			sourceTree = "<group>";
		};
/* End PBXGroup section */

/* Begin PBXNativeTarget section */
		AAF0223C1B67610800FFB92E /* SwizzlingTutorial */ = {
			isa = PBXNativeTarget;
			buildConfigurationList = AAF022601B67610800FFB92E /* Build configuration list for PBXNativeTarget "SwizzlingTutorial" */;
			buildPhases = (
				AAF022391B67610800FFB92E /* Sources */,
				AAF0223A1B67610800FFB92E /* Frameworks */,
				AAF0223B1B67610800FFB92E /* Resources */,
			);
			buildRules = (
			);
			dependencies = (
			);
			name = SwizzlingTutorial;
			productName = SwizzlingTutorial;
			productReference = AAF0223D1B67610800FFB92E /* SwizzlingTutorial.app */;
			productType = "com.apple.product-type.application";
		};
		AAF022551B67610800FFB92E /* SwizzlingTutorialTests */ = {
			isa = PBXNativeTarget;
			buildConfigurationList = AAF022631B67610800FFB92E /* Build configuration list for PBXNativeTarget "SwizzlingTutorialTests" */;
			buildPhases = (
				AAF022521B67610800FFB92E /* Sources */,
				AAF022531B67610800FFB92E /* Frameworks */,
				AAF022541B67610800FFB92E /* Resources */,
			);
			buildRules = (
			);
			dependencies = (
				AAF022581B67610800FFB92E /* PBXTargetDependency */,
			);
			name = SwizzlingTutorialTests;
			productName = SwizzlingTutorialTests;
			productReference = AAF022561B67610800FFB92E /* SwizzlingTutorialTests.xctest */;
			productType = "com.apple.product-type.bundle.unit-test";
		};
/* End PBXNativeTarget section */

/* Begin PBXProject section */
		AAF022351B67610800FFB92E /* Project object */ = {
			isa = PBXProject;
			attributes = {
				LastUpgradeCheck = 0640;
				ORGANIZATIONNAME = sujian;
				TargetAttributes = {
					AAF0223C1B67610800FFB92E = {
						CreatedOnToolsVersion = 6.4;
					};
					AAF022551B67610800FFB92E = {
						CreatedOnToolsVersion = 6.4;
						TestTargetID = AAF0223C1B67610800FFB92E;
					};
				};
			};
			buildConfigurationList = AAF022381B67610800FFB92E /* Build configuration list for PBXProject "SwizzlingTutorial" */;
			compatibilityVersion = "Xcode 3.2";
			developmentRegion = English;
			hasScannedForEncodings = 0;
			knownRegions = (
				en,
				Base,
			);
			mainGroup = AAF022341B67610800FFB92E;
			productRefGroup = AAF0223E1B67610800FFB92E /* Products */;
			projectDirPath = "";
			projectRoot = "";
			targets = (
				AAF0223C1B67610800FFB92E /* SwizzlingTutorial */,
				AAF022551B67610800FFB92E /* SwizzlingTutorialTests */,
			);
		};
/* End PBXProject section */

/* Begin PBXResourcesBuildPhase section */
		AAF0223B1B67610800FFB92E /* Resources */ = {
			isa = PBXResourcesBuildPhase;
			buildActionMask = 2147483647;
			files = (
				AAF0224C1B67610800FFB92E /* Main.storyboard in Resources */,
				AAF022511B67610800FFB92E /* LaunchScreen.xib in Resources */,
				AAF0224E1B67610800FFB92E /* Images.xcassets in Resources */,
			);
			runOnlyForDeploymentPostprocessing = 0;
		};
		AAF022541B67610800FFB92E /* Resources */ = {
			isa = PBXResourcesBuildPhase;
			buildActionMask = 2147483647;
			files = (
			);
			runOnlyForDeploymentPostprocessing = 0;
		};
/* End PBXResourcesBuildPhase section */

/* Begin PBXSourcesBuildPhase section */
		AAF022391B67610800FFB92E /* Sources */ = {
			isa = PBXSourcesBuildPhase;
			buildActionMask = 2147483647;
			files = (
				AAF0226B1B6764E700FFB92E /* RootTableViewController.m in Sources */,
				AAF022681B67613900FFB92E /* UIViewController+MRCUMAnalytics.m in Sources */,
				AAF022491B67610800FFB92E /* ViewController.m in Sources */,
				AAF022461B67610800FFB92E /* AppDelegate.m in Sources */,
				AAF022431B67610800FFB92E /* main.m in Sources */,
			);
			runOnlyForDeploymentPostprocessing = 0;
		};
		AAF022521B67610800FFB92E /* Sources */ = {
			isa = PBXSourcesBuildPhase;
			buildActionMask = 2147483647;
			files = (
				AAF0225D1B67610800FFB92E /* SwizzlingTutorialTests.m in Sources */,
			);
			runOnlyForDeploymentPostprocessing = 0;
		};
/* End PBXSourcesBuildPhase section */

/* Begin PBXTargetDependency section */
		AAF022581B67610800FFB92E /* PBXTargetDependency */ = {
			isa = PBXTargetDependency;
			target = AAF0223C1B67610800FFB92E /* SwizzlingTutorial */;
			targetProxy = AAF022571B67610800FFB92E /* PBXContainerItemProxy */;
		};
/* End PBXTargetDependency section */

/* Begin PBXVariantGroup section */
		AAF0224A1B67610800FFB92E /* Main.storyboard */ = {
			isa = PBXVariantGroup;
			children = (
				AAF0224B1B67610800FFB92E /* Base */,
			);
			name = Main.storyboard;
			sourceTree = "<group>";
		};
		AAF0224F1B67610800FFB92E /* LaunchScreen.xib */ = {
			isa = PBXVariantGroup;
			children = (
				AAF022501B67610800FFB92E /* Base */,
			);
			name = LaunchScreen.xib;
			sourceTree = "<group>";
		};
/* End PBXVariantGroup section */

/* Begin XCBuildConfiguration section */
		AAF0225E1B67610800FFB92E /* Debug */ = {
			isa = XCBuildConfiguration;
			buildSettings = {
				ALWAYS_SEARCH_USER_PATHS = NO;
				CLANG_CXX_LANGUAGE_STANDARD = "gnu++0x";
				CLANG_CXX_LIBRARY = "libc++";
				CLANG_ENABLE_MODULES = YES;
				CLANG_ENABLE_OBJC_ARC = YES;
				CLANG_WARN_BOOL_CONVERSION = YES;
				CLANG_WARN_CONSTANT_CONVERSION = YES;
				CLANG_WARN_DIRECT_OBJC_ISA_USAGE = YES_ERROR;
				CLANG_WARN_EMPTY_BODY = YES;
				CLANG_WARN_ENUM_CONVERSION = YES;
				CLANG_WARN_INT_CONVERSION = YES;
				CLANG_WARN_OBJC_ROOT_CLASS = YES_ERROR;
				CLANG_WARN_UNREACHABLE_CODE = YES;
				CLANG_WARN__DUPLICATE_METHOD_MATCH = YES;
				"CODE_SIGN_IDENTITY[sdk=iphoneos*]" = "iPhone Developer";
				COPY_PHASE_STRIP = NO;
				DEBUG_INFORMATION_FORMAT = "dwarf-with-dsym";
				ENABLE_STRICT_OBJC_MSGSEND = YES;
				GCC_C_LANGUAGE_STANDARD = gnu99;
				GCC_DYNAMIC_NO_PIC = NO;
				GCC_NO_COMMON_BLOCKS = YES;
				GCC_OPTIMIZATION_LEVEL = 0;
				GCC_PREPROCESSOR_DEFINITIONS = (
					"DEBUG=1",
					"$(inherited)",
				);
				GCC_SYMBOLS_PRIVATE_EXTERN = NO;
				GCC_WARN_64_TO_32_BIT_CONVERSION = YES;
				GCC_WARN_ABOUT_RETURN_TYPE = YES_ERROR;
				GCC_WARN_UNDECLARED_SELECTOR = YES;
				GCC_WARN_UNINITIALIZED_AUTOS = YES_AGGRESSIVE;
				GCC_WARN_UNUSED_FUNCTION = YES;
				GCC_WARN_UNUSED_VARIABLE = YES;
				IPHONEOS_DEPLOYMENT_TARGET = 8.4;
				MTL_ENABLE_DEBUG_INFO = YES;
				ONLY_ACTIVE_ARCH = YES;
				SDKROOT = iphoneos;
			};
			name = Debug;
		};
		AAF0225F1B67610800FFB92E /* Release */ = {
			isa = XCBuildConfiguration;
			buildSettings = {
				ALWAYS_SEARCH_USER_PATHS = NO;
				CLANG_CXX_LANGUAGE_STANDARD = "gnu++0x";
				CLANG_CXX_LIBRARY = "libc++";
				CLANG_ENABLE_MODULES = YES;
				CLANG_ENABLE_OBJC_ARC = YES;
				CLANG_WARN_BOOL_CONVERSION = YES;
				CLANG_WARN_CONSTANT_CONVERSION = YES;
				CLANG_WARN_DIRECT_OBJC_ISA_USAGE = YES_ERROR;
				CLANG_WARN_EMPTY_BODY = YES;
				CLANG_WARN_ENUM_CONVERSION = YES;
				CLANG_WARN_INT_CONVERSION = YES;
				CLANG_WARN_OBJC_ROOT_CLASS = YES_ERROR;
				CLANG_WARN_UNREACHABLE_CODE = YES;
				CLANG_WARN__DUPLICATE_METHOD_MATCH = YES;
				"CODE_SIGN_IDENTITY[sdk=iphoneos*]" = "iPhone Developer";
				COPY_PHASE_STRIP = NO;
				DEBUG_INFORMATION_FORMAT = "dwarf-with-dsym";
				ENABLE_NS_ASSERTIONS = NO;
				ENABLE_STRICT_OBJC_MSGSEND = YES;
				GCC_C_LANGUAGE_STANDARD = gnu99;
				GCC_NO_COMMON_BLOCKS = YES;
				GCC_WARN_64_TO_32_BIT_CONVERSION = YES;
				GCC_WARN_ABOUT_RETURN_TYPE = YES_ERROR;
				GCC_WARN_UNDECLARED_SELECTOR = YES;
				GCC_WARN_UNINITIALIZED_AUTOS = YES_AGGRESSIVE;
				GCC_WARN_UNUSED_FUNCTION = YES;
				GCC_WARN_UNUSED_VARIABLE = YES;
				IPHONEOS_DEPLOYMENT_TARGET = 8.4;
				MTL_ENABLE_DEBUG_INFO = NO;
				SDKROOT = iphoneos;
				VALIDATE_PRODUCT = YES;
			};
			name = Release;
		};
		AAF022611B67610800FFB92E /* Debug */ = {
			isa = XCBuildConfiguration;
			buildSettings = {
				ASSETCATALOG_COMPILER_APPICON_NAME = AppIcon;
				INFOPLIST_FILE = SwizzlingTutorial/Info.plist;
				LD_RUNPATH_SEARCH_PATHS = "$(inherited) @executable_path/Frameworks";
				PRODUCT_NAME = "$(TARGET_NAME)";
			};
			name = Debug;
		};
		AAF022621B67610800FFB92E /* Release */ = {
			isa = XCBuildConfiguration;
			buildSettings = {
				ASSETCATALOG_COMPILER_APPICON_NAME = AppIcon;
				INFOPLIST_FILE = SwizzlingTutorial/Info.plist;
				LD_RUNPATH_SEARCH_PATHS = "$(inherited) @executable_path/Frameworks";
				PRODUCT_NAME = "$(TARGET_NAME)";
			};
			name = Release;
		};
		AAF022641B67610800FFB92E /* Debug */ = {
			isa = XCBuildConfiguration;
			buildSettings = {
				BUNDLE_LOADER = "$(TEST_HOST)";
				FRAMEWORK_SEARCH_PATHS = (
					"$(SDKROOT)/Developer/Library/Frameworks",
					"$(inherited)",
				);
				GCC_PREPROCESSOR_DEFINITIONS = (
					"DEBUG=1",
					"$(inherited)",
				);
				INFOPLIST_FILE = SwizzlingTutorialTests/Info.plist;
				LD_RUNPATH_SEARCH_PATHS = "$(inherited) @executable_path/Frameworks @loader_path/Frameworks";
				PRODUCT_NAME = "$(TARGET_NAME)";
				TEST_HOST = "$(BUILT_PRODUCTS_DIR)/SwizzlingTutorial.app/SwizzlingTutorial";
			};
			name = Debug;
		};
		AAF022651B67610800FFB92E /* Release */ = {
			isa = XCBuildConfiguration;
			buildSettings = {
				BUNDLE_LOADER = "$(TEST_HOST)";
				FRAMEWORK_SEARCH_PATHS = (
					"$(SDKROOT)/Developer/Library/Frameworks",
					"$(inherited)",
				);
				INFOPLIST_FILE = SwizzlingTutorialTests/Info.plist;
				LD_RUNPATH_SEARCH_PATHS = "$(inherited) @executable_path/Frameworks @loader_path/Frameworks";
				PRODUCT_NAME = "$(TARGET_NAME)";
				TEST_HOST = "$(BUILT_PRODUCTS_DIR)/SwizzlingTutorial.app/SwizzlingTutorial";
			};
			name = Release;
		};
/* End XCBuildConfiguration section */

/* Begin XCConfigurationList section */
		AAF022381B67610800FFB92E /* Build configuration list for PBXProject "SwizzlingTutorial" */ = {
			isa = XCConfigurationList;
			buildConfigurations = (
				AAF0225E1B67610800FFB92E /* Debug */,
				AAF0225F1B67610800FFB92E /* Release */,
			);
			defaultConfigurationIsVisible = 0;
			defaultConfigurationName = Release;
		};
		AAF022601B67610800FFB92E /* Build configuration list for PBXNativeTarget "SwizzlingTutorial" */ = {
			isa = XCConfigurationList;
			buildConfigurations = (
				AAF022611B67610800FFB92E /* Debug */,
				AAF022621B67610800FFB92E /* Release */,
			);
			defaultConfigurationIsVisible = 0;
		};
		AAF022631B67610800FFB92E /* Build configuration list for PBXNativeTarget "SwizzlingTutorialTests" */ = {
			isa = XCConfigurationList;
			buildConfigurations = (
				AAF022641B67610800FFB92E /* Debug */,
				AAF022651B67610800FFB92E /* Release */,
			);
			defaultConfigurationIsVisible = 0;
		};
/* End XCConfigurationList section */
	};
	rootObject = AAF022351B67610800FFB92E /* Project object */;
}
